
Microsoft Visual Studio Solution File, Format Version 12.00
# Visual Studio 14
VisualStudioVersion = 14.0.25123.0
MinimumVisualStudioVersion = 10.0.40219.1
Project("{FAE04EC0-301F-11D3-BF4B-00C04F79EFBC}") = "launcherA", "launcherA\launcherA.csproj", "{A250815E-B2B5-44B2-9EF6-51B671F63917}"
EndProject
Global
	GlobalSection(SolutionConfigurationPlatforms) = preSolution
		Debug|Any CPU = Debug|Any CPU
		Release|Any CPU = Release|Any CPU
	EndGlobalSection
	GlobalSection(ProjectConfigurationPlatforms) = postSolution
		{A250815E-B2B5-44B2-9EF6-51B671F63917}.Debug|Any CPU.ActiveCfg = Debug|Any CPU
		{A250815E-B2B5-44B2-9EF6-51B671F63917}.Debug|Any CPU.Build.0 = Debug|Any CPU
		{A250815E-B2B5-44B2-9EF6-51B671F63917}.Release|Any CPU.ActiveCfg = Release|Any CPU
		{A250815E-B2B5-44B2-9EF6-51B671F63917}.Release|Any CPU.Build.0 = Release|Any CPU
	EndGlobalSection
	GlobalSection(SolutionProperties) = preSolution
		HideSolutionNode = FALSE
	EndGlobalSection
EndGlobal
